hash: 13194a294f23dea2546dbbc679b3211f9ea0f6efb017944f16191a72d62fcc53
updated: 2018-11-21T11:56:06.445255392+08:00
imports:
- name: github.com/golang/time
  version: 85acf8d2951cb2a3bde7632f9ff273ef0379bcbd
  subpackages:
  - rate
- name: github.com/zhongpei/tcpproxy
  version: dcd10245f817a80c7ea5283b551b207a6106440b
- name: golang.org/x/time
  version: 85acf8d2951cb2a3bde7632f9ff273ef0379bcbd
testImports:
- name: github.com/armon/go-proxyproto
  version: 5b7edb60ff5f69b60d1950397f7bde6171f1807d
